
Microsoft Visual Studio Solution File, Format Version 12.00
# Visual Studio Version 17
VisualStudioVersion = 17.0.31521.260
MinimumVisualStudioVersion = 10.0.40219.1
Project("{9A19103F-16F7-4668-BE54-9A1E7A4F7556}") = "GameServer", "GameServer\GameServer.csproj", "{30C82D82-2427-4404-86F0-45F1696D9060}"
EndProject
Project("{9A19103F-16F7-4668-BE54-9A1E7A4F7556}") = "Frame", "Frame\Frame.csproj", "{F8467179-4267-4736-8DE0-D96DC2E4C004}"
EndProject
Project("{9A19103F-16F7-4668-BE54-9A1E7A4F7556}") = "DataBase", "DataBase\DataBase.csproj", "{ECD92FAA-FEA9-49B6-BEFA-08200079307F}"
EndProject
Project("{9A19103F-16F7-4668-BE54-9A1E7A4F7556}") = "UnitTest", "Test\UnitTest\UnitTest.csproj", "{DDB2C193-CD58-4A8F-BC89-136728BFC521}"
EndProject
Project("{2150E333-8FDC-42A3-9474-1A3956D46DE8}") = "Libraris", "Libraris", "{A51A3B6C-CB7C-420B-AF45-AD546D396766}"
EndProject
Project("{2150E333-8FDC-42A3-9474-1A3956D46DE8}") = "Server", "Server", "{C42263AC-1078-48B4-A297-F62FE99537F5}"
EndProject
Project("{2150E333-8FDC-42A3-9474-1A3956D46DE8}") = "Test", "Test", "{094B7061-778A-4703-A073-E2D05752514F}"
EndProject
Project("{2150E333-8FDC-42A3-9474-1A3956D46DE8}") = "DirServer", "DirServer", "{8169CF3A-F8DF-496C-9F1C-B831AC3F48E2}"
EndProject
Project("{9A19103F-16F7-4668-BE54-9A1E7A4F7556}") = "DirServer", "DirServer\DirServer\DirServer.csproj", "{6D32B2D0-7260-4038-95F6-521CE21C3C0A}"
EndProject
Project("{9A19103F-16F7-4668-BE54-9A1E7A4F7556}") = "DirServerApi", "DirServer\DirServerApi\DirServerApi.csproj", "{BB54DD69-D60F-43F5-809B-3F896D303524}"
EndProject
Project("{9A19103F-16F7-4668-BE54-9A1E7A4F7556}") = "ClientTest", "Test\ClientTest\ClientTest.csproj", "{B44E1E5C-7F02-4EFF-96AF-0A7906FB9042}"
EndProject
Project("{2150E333-8FDC-42A3-9474-1A3956D46DE8}") = "ProxyServer", "ProxyServer", "{31C27978-09D1-44F0-8F13-E19DED509C5A}"
EndProject
Project("{9A19103F-16F7-4668-BE54-9A1E7A4F7556}") = "ProxyServer", "ProxyServer\ProxyServer\ProxyServer.csproj", "{6709FE5B-DF1B-4C78-B80F-85340639E687}"
EndProject
Project("{9A19103F-16F7-4668-BE54-9A1E7A4F7556}") = "ProxyServerApi", "ProxyServer\ProxyServerApi\ProxyServerApi.csproj", "{C395A6CD-F5DE-49DA-8D25-F115D8A94E49}"
EndProject
Project("{2150E333-8FDC-42A3-9474-1A3956D46DE8}") = "CacheServer", "CacheServer", "{96A0D479-4489-4961-BA0B-AC4F1D1D0D1F}"
EndProject
Project("{FAE04EC0-301F-11D3-BF4B-00C04F79EFBC}") = "CacheServer", "CacheServer\CacheServer\CacheServer.csproj", "{8C723E08-C437-4CC8-9C8C-5C2DB10B3962}"
EndProject
Project("{FAE04EC0-301F-11D3-BF4B-00C04F79EFBC}") = "CacheServerApi", "CacheServer\CacheServerApi\CacheServerApi.csproj", "{9A8FA936-F7FF-4D20-9960-8C12D6B1A8BF}"
EndProject
Global
	GlobalSection(SolutionConfigurationPlatforms) = preSolution
		Debug|Any CPU = Debug|Any CPU
		Release|Any CPU = Release|Any CPU
	EndGlobalSection
	GlobalSection(ProjectConfigurationPlatforms) = postSolution
		{30C82D82-2427-4404-86F0-45F1696D9060}.Debug|Any CPU.ActiveCfg = Debug|Any CPU
		{30C82D82-2427-4404-86F0-45F1696D9060}.Debug|Any CPU.Build.0 = Debug|Any CPU
		{30C82D82-2427-4404-86F0-45F1696D9060}.Release|Any CPU.ActiveCfg = Release|Any CPU
		{30C82D82-2427-4404-86F0-45F1696D9060}.Release|Any CPU.Build.0 = Release|Any CPU
		{F8467179-4267-4736-8DE0-D96DC2E4C004}.Debug|Any CPU.ActiveCfg = Debug|Any CPU
		{F8467179-4267-4736-8DE0-D96DC2E4C004}.Debug|Any CPU.Build.0 = Debug|Any CPU
		{F8467179-4267-4736-8DE0-D96DC2E4C004}.Release|Any CPU.ActiveCfg = Release|Any CPU
		{F8467179-4267-4736-8DE0-D96DC2E4C004}.Release|Any CPU.Build.0 = Release|Any CPU
		{ECD92FAA-FEA9-49B6-BEFA-08200079307F}.Debug|Any CPU.ActiveCfg = Debug|Any CPU
		{ECD92FAA-FEA9-49B6-BEFA-08200079307F}.Debug|Any CPU.Build.0 = Debug|Any CPU
		{ECD92FAA-FEA9-49B6-BEFA-08200079307F}.Release|Any CPU.ActiveCfg = Release|Any CPU
		{ECD92FAA-FEA9-49B6-BEFA-08200079307F}.Release|Any CPU.Build.0 = Release|Any CPU
		{DDB2C193-CD58-4A8F-BC89-136728BFC521}.Debug|Any CPU.ActiveCfg = Debug|Any CPU
		{DDB2C193-CD58-4A8F-BC89-136728BFC521}.Debug|Any CPU.Build.0 = Debug|Any CPU
		{DDB2C193-CD58-4A8F-BC89-136728BFC521}.Release|Any CPU.ActiveCfg = Release|Any CPU
		{DDB2C193-CD58-4A8F-BC89-136728BFC521}.Release|Any CPU.Build.0 = Release|Any CPU
		{6D32B2D0-7260-4038-95F6-521CE21C3C0A}.Debug|Any CPU.ActiveCfg = Debug|Any CPU
		{6D32B2D0-7260-4038-95F6-521CE21C3C0A}.Debug|Any CPU.Build.0 = Debug|Any CPU
		{6D32B2D0-7260-4038-95F6-521CE21C3C0A}.Release|Any CPU.ActiveCfg = Release|Any CPU
		{6D32B2D0-7260-4038-95F6-521CE21C3C0A}.Release|Any CPU.Build.0 = Release|Any CPU
		{BB54DD69-D60F-43F5-809B-3F896D303524}.Debug|Any CPU.ActiveCfg = Debug|Any CPU
		{BB54DD69-D60F-43F5-809B-3F896D303524}.Debug|Any CPU.Build.0 = Debug|Any CPU
		{BB54DD69-D60F-43F5-809B-3F896D303524}.Release|Any CPU.ActiveCfg = Release|Any CPU
		{BB54DD69-D60F-43F5-809B-3F896D303524}.Release|Any CPU.Build.0 = Release|Any CPU
		{B44E1E5C-7F02-4EFF-96AF-0A7906FB9042}.Debug|Any CPU.ActiveCfg = Debug|Any CPU
		{B44E1E5C-7F02-4EFF-96AF-0A7906FB9042}.Debug|Any CPU.Build.0 = Debug|Any CPU
		{B44E1E5C-7F02-4EFF-96AF-0A7906FB9042}.Release|Any CPU.ActiveCfg = Release|Any CPU
		{B44E1E5C-7F02-4EFF-96AF-0A7906FB9042}.Release|Any CPU.Build.0 = Release|Any CPU
		{6709FE5B-DF1B-4C78-B80F-85340639E687}.Debug|Any CPU.ActiveCfg = Debug|Any CPU
		{6709FE5B-DF1B-4C78-B80F-85340639E687}.Debug|Any CPU.Build.0 = Debug|Any CPU
		{6709FE5B-DF1B-4C78-B80F-85340639E687}.Release|Any CPU.ActiveCfg = Release|Any CPU
		{6709FE5B-DF1B-4C78-B80F-85340639E687}.Release|Any CPU.Build.0 = Release|Any CPU
		{C395A6CD-F5DE-49DA-8D25-F115D8A94E49}.Debug|Any CPU.ActiveCfg = Debug|Any CPU
		{C395A6CD-F5DE-49DA-8D25-F115D8A94E49}.Debug|Any CPU.Build.0 = Debug|Any CPU
		{C395A6CD-F5DE-49DA-8D25-F115D8A94E49}.Release|Any CPU.ActiveCfg = Release|Any CPU
		{C395A6CD-F5DE-49DA-8D25-F115D8A94E49}.Release|Any CPU.Build.0 = Release|Any CPU
		{8C723E08-C437-4CC8-9C8C-5C2DB10B3962}.Debug|Any CPU.ActiveCfg = Debug|Any CPU
		{8C723E08-C437-4CC8-9C8C-5C2DB10B3962}.Debug|Any CPU.Build.0 = Debug|Any CPU
		{8C723E08-C437-4CC8-9C8C-5C2DB10B3962}.Release|Any CPU.ActiveCfg = Release|Any CPU
		{8C723E08-C437-4CC8-9C8C-5C2DB10B3962}.Release|Any CPU.Build.0 = Release|Any CPU
		{9A8FA936-F7FF-4D20-9960-8C12D6B1A8BF}.Debug|Any CPU.ActiveCfg = Debug|Any CPU
		{9A8FA936-F7FF-4D20-9960-8C12D6B1A8BF}.Debug|Any CPU.Build.0 = Debug|Any CPU
		{9A8FA936-F7FF-4D20-9960-8C12D6B1A8BF}.Release|Any CPU.ActiveCfg = Release|Any CPU
		{9A8FA936-F7FF-4D20-9960-8C12D6B1A8BF}.Release|Any CPU.Build.0 = Release|Any CPU
	EndGlobalSection
	GlobalSection(SolutionProperties) = preSolution
		HideSolutionNode = FALSE
	EndGlobalSection
	GlobalSection(NestedProjects) = preSolution
		{30C82D82-2427-4404-86F0-45F1696D9060} = {C42263AC-1078-48B4-A297-F62FE99537F5}
		{F8467179-4267-4736-8DE0-D96DC2E4C004} = {A51A3B6C-CB7C-420B-AF45-AD546D396766}
		{ECD92FAA-FEA9-49B6-BEFA-08200079307F} = {A51A3B6C-CB7C-420B-AF45-AD546D396766}
		{DDB2C193-CD58-4A8F-BC89-136728BFC521} = {094B7061-778A-4703-A073-E2D05752514F}
		{8169CF3A-F8DF-496C-9F1C-B831AC3F48E2} = {C42263AC-1078-48B4-A297-F62FE99537F5}
		{6D32B2D0-7260-4038-95F6-521CE21C3C0A} = {8169CF3A-F8DF-496C-9F1C-B831AC3F48E2}
		{BB54DD69-D60F-43F5-809B-3F896D303524} = {8169CF3A-F8DF-496C-9F1C-B831AC3F48E2}
		{B44E1E5C-7F02-4EFF-96AF-0A7906FB9042} = {094B7061-778A-4703-A073-E2D05752514F}
		{31C27978-09D1-44F0-8F13-E19DED509C5A} = {C42263AC-1078-48B4-A297-F62FE99537F5}
		{6709FE5B-DF1B-4C78-B80F-85340639E687} = {31C27978-09D1-44F0-8F13-E19DED509C5A}
		{C395A6CD-F5DE-49DA-8D25-F115D8A94E49} = {31C27978-09D1-44F0-8F13-E19DED509C5A}
		{96A0D479-4489-4961-BA0B-AC4F1D1D0D1F} = {C42263AC-1078-48B4-A297-F62FE99537F5}
		{8C723E08-C437-4CC8-9C8C-5C2DB10B3962} = {96A0D479-4489-4961-BA0B-AC4F1D1D0D1F}
		{9A8FA936-F7FF-4D20-9960-8C12D6B1A8BF} = {96A0D479-4489-4961-BA0B-AC4F1D1D0D1F}
	EndGlobalSection
	GlobalSection(ExtensibilityGlobals) = postSolution
		SolutionGuid = {C0E02544-B4CC-4FF6-9050-1EA86434BBE4}
	EndGlobalSection
EndGlobal
